
Microsoft Visual Studio Solution File, Format Version 12.00
# Visual Studio Version 16
VisualStudioVersion = 16.0.29230.47
MinimumVisualStudioVersion = 10.0.40219.1
Project("{FAE04EC0-301F-11D3-BF4B-00C04F79EFBC}") = "Browser", "Browser\Browser.csproj", "{9829793C-D0A5-4DED-A9EE-D46F9291C25B}"
EndProject
Global
	GlobalSection(SolutionConfigurationPlatforms) = preSolution
		Debug|Any CPU = Debug|Any CPU
		Release|Any CPU = Release|Any CPU
	EndGlobalSection
	GlobalSection(ProjectConfigurationPlatforms) = postSolution
		{9829793C-D0A5-4DED-A9EE-D46F9291C25B}.Debug|Any CPU.ActiveCfg = Debug|Any CPU
		{9829793C-D0A5-4DED-A9EE-D46F9291C25B}.Debug|Any CPU.Build.0 = Debug|Any CPU
		{9829793C-D0A5-4DED-A9EE-D46F9291C25B}.Release|Any CPU.ActiveCfg = Release|Any CPU
		{9829793C-D0A5-4DED-A9EE-D46F9291C25B}.Release|Any CPU.Build.0 = Release|Any CPU
	EndGlobalSection
	GlobalSection(SolutionProperties) = preSolution
		HideSolutionNode = FALSE
	EndGlobalSection
	GlobalSection(ExtensibilityGlobals) = postSolution
		SolutionGuid = {1408AF64-1B4F-4B62-AD14-28D1D72DEA87}
	EndGlobalSection
EndGlobal
