
Microsoft Visual Studio Solution File, Format Version 12.00
# Visual Studio Version 16
VisualStudioVersion = 16.0.29230.47
MinimumVisualStudioVersion = 10.0.40219.1
Project("{FAE04EC0-301F-11D3-BF4B-00C04F79EFBC}") = "InternetArcade", "InternetArcade\InternetArcade.csproj", "{603004FA-08B3-42C7-81F8-DF41376D32DE}"
EndProject
Project("{FAE04EC0-301F-11D3-BF4B-00C04F79EFBC}") = "CustomTabControl", "C:\Users\silas\Desktop\Browser\CustomTabControl\CustomTabControl.csproj", "{5D2DEF9A-CE4D-4F22-8346-91DCE7C3EDC2}"
EndProject
Global
	GlobalSection(SolutionConfigurationPlatforms) = preSolution
		Debug|Any CPU = Debug|Any CPU
		Debug|x64 = Debug|x64
		Release|Any CPU = Release|Any CPU
		Release|x64 = Release|x64
	EndGlobalSection
	GlobalSection(ProjectConfigurationPlatforms) = postSolution
		{603004FA-08B3-42C7-81F8-DF41376D32DE}.Debug|Any CPU.ActiveCfg = Debug|Any CPU
		{603004FA-08B3-42C7-81F8-DF41376D32DE}.Debug|Any CPU.Build.0 = Debug|Any CPU
		{603004FA-08B3-42C7-81F8-DF41376D32DE}.Debug|x64.ActiveCfg = Debug|x64
		{603004FA-08B3-42C7-81F8-DF41376D32DE}.Debug|x64.Build.0 = Debug|x64
		{603004FA-08B3-42C7-81F8-DF41376D32DE}.Release|Any CPU.ActiveCfg = Release|Any CPU
		{603004FA-08B3-42C7-81F8-DF41376D32DE}.Release|Any CPU.Build.0 = Release|Any CPU
		{603004FA-08B3-42C7-81F8-DF41376D32DE}.Release|x64.ActiveCfg = Release|x64
		{603004FA-08B3-42C7-81F8-DF41376D32DE}.Release|x64.Build.0 = Release|x64
		{5D2DEF9A-CE4D-4F22-8346-91DCE7C3EDC2}.Debug|Any CPU.ActiveCfg = Debug|Any CPU
		{5D2DEF9A-CE4D-4F22-8346-91DCE7C3EDC2}.Debug|Any CPU.Build.0 = Debug|Any CPU
		{5D2DEF9A-CE4D-4F22-8346-91DCE7C3EDC2}.Debug|x64.ActiveCfg = Debug|Any CPU
		{5D2DEF9A-CE4D-4F22-8346-91DCE7C3EDC2}.Debug|x64.Build.0 = Debug|Any CPU
		{5D2DEF9A-CE4D-4F22-8346-91DCE7C3EDC2}.Release|Any CPU.ActiveCfg = Release|Any CPU
		{5D2DEF9A-CE4D-4F22-8346-91DCE7C3EDC2}.Release|Any CPU.Build.0 = Release|Any CPU
		{5D2DEF9A-CE4D-4F22-8346-91DCE7C3EDC2}.Release|x64.ActiveCfg = Release|Any CPU
		{5D2DEF9A-CE4D-4F22-8346-91DCE7C3EDC2}.Release|x64.Build.0 = Release|Any CPU
	EndGlobalSection
	GlobalSection(SolutionProperties) = preSolution
		HideSolutionNode = FALSE
	EndGlobalSection
	GlobalSection(ExtensibilityGlobals) = postSolution
		SolutionGuid = {BA4CADCA-A6D4-4634-9499-2EC4922291D3}
	EndGlobalSection
EndGlobal
